
Microsoft Visual Studio Solution File, Format Version 12.00
# Visual Studio Version 17
VisualStudioVersion = 17.7.34031.279
MinimumVisualStudioVersion = 10.0.40219.1
Project("{FAE04EC0-301F-11D3-BF4B-00C04F79EFBC}") = "TestAutomation2.0", "TestAutomation2.0\TestAutomation2.0.csproj", "{E142F56B-8FE4-487B-944A-C28EE27F6C5E}"
EndProject
Global
	GlobalSection(SolutionConfigurationPlatforms) = preSolution
		Debug|Any CPU = Debug|Any CPU
		Release|Any CPU = Release|Any CPU
	EndGlobalSection
	GlobalSection(ProjectConfigurationPlatforms) = postSolution
		{E142F56B-8FE4-487B-944A-C28EE27F6C5E}.Debug|Any CPU.ActiveCfg = Debug|Any CPU
		{E142F56B-8FE4-487B-944A-C28EE27F6C5E}.Debug|Any CPU.Build.0 = Debug|Any CPU
		{E142F56B-8FE4-487B-944A-C28EE27F6C5E}.Release|Any CPU.ActiveCfg = Release|Any CPU
		{E142F56B-8FE4-487B-944A-C28EE27F6C5E}.Release|Any CPU.Build.0 = Release|Any CPU
	EndGlobalSection
	GlobalSection(SolutionProperties) = preSolution
		HideSolutionNode = FALSE
	EndGlobalSection
	GlobalSection(ExtensibilityGlobals) = postSolution
		SolutionGuid = {DFFA3F19-48E4-4EBE-9E46-10B56BE26560}
	EndGlobalSection
EndGlobal
